
Microsoft Visual Studio Solution File, Format Version 12.00
# Visual Studio 15
VisualStudioVersion = 15.0.28307.168
MinimumVisualStudioVersion = 10.0.40219.1
Project("{FAE04EC0-301F-11D3-BF4B-00C04F79EFBC}") = "CadastroFilmes", "CadastroFilmes\CadastroFilmes.csproj", "{C5044AFF-B642-416E-ABA0-C360795368ED}"
EndProject
Project("{FAE04EC0-301F-11D3-BF4B-00C04F79EFBC}") = "CadastroFilmes.Core", "CadastroFilmes.Core\CadastroFilmes.Core.csproj", "{99484A02-991D-4A22-BA70-5D5F0F0DC586}"
EndProject
Project("{FAE04EC0-301F-11D3-BF4B-00C04F79EFBC}") = "CadastroFilmes.Data", "CadastroFilmes.Data\CadastroFilmes.Data.csproj", "{00637C9D-06B3-4E22-952B-1F7FD9309C79}"
EndProject
Global
	GlobalSection(SolutionConfigurationPlatforms) = preSolution
		Debug|Any CPU = Debug|Any CPU
		Release|Any CPU = Release|Any CPU
	EndGlobalSection
	GlobalSection(ProjectConfigurationPlatforms) = postSolution
		{C5044AFF-B642-416E-ABA0-C360795368ED}.Debug|Any CPU.ActiveCfg = Debug|Any CPU
		{C5044AFF-B642-416E-ABA0-C360795368ED}.Debug|Any CPU.Build.0 = Debug|Any CPU
		{C5044AFF-B642-416E-ABA0-C360795368ED}.Release|Any CPU.ActiveCfg = Release|Any CPU
		{C5044AFF-B642-416E-ABA0-C360795368ED}.Release|Any CPU.Build.0 = Release|Any CPU
		{99484A02-991D-4A22-BA70-5D5F0F0DC586}.Debug|Any CPU.ActiveCfg = Debug|Any CPU
		{99484A02-991D-4A22-BA70-5D5F0F0DC586}.Debug|Any CPU.Build.0 = Debug|Any CPU
		{99484A02-991D-4A22-BA70-5D5F0F0DC586}.Release|Any CPU.ActiveCfg = Release|Any CPU
		{99484A02-991D-4A22-BA70-5D5F0F0DC586}.Release|Any CPU.Build.0 = Release|Any CPU
		{00637C9D-06B3-4E22-952B-1F7FD9309C79}.Debug|Any CPU.ActiveCfg = Debug|Any CPU
		{00637C9D-06B3-4E22-952B-1F7FD9309C79}.Debug|Any CPU.Build.0 = Debug|Any CPU
		{00637C9D-06B3-4E22-952B-1F7FD9309C79}.Release|Any CPU.ActiveCfg = Release|Any CPU
		{00637C9D-06B3-4E22-952B-1F7FD9309C79}.Release|Any CPU.Build.0 = Release|Any CPU
	EndGlobalSection
	GlobalSection(SolutionProperties) = preSolution
		HideSolutionNode = FALSE
	EndGlobalSection
	GlobalSection(ExtensibilityGlobals) = postSolution
		SolutionGuid = {E1715878-9869-4C60-A76E-370B77301ADA}
	EndGlobalSection
EndGlobal
